
Microsoft Visual Studio Solution File, Format Version 12.00
# Visual Studio 15
VisualStudioVersion = 15.0.26124.0
MinimumVisualStudioVersion = 15.0.26124.0
Project("{2150E333-8FDC-42A3-9474-1A3956D46DE8}") = "Common", "Common", "{784E2AE4-0890-4702-AA9E-6C339AB2A6B0}"
EndProject
Project("{FAE04EC0-301F-11D3-BF4B-00C04F79EFBC}") = "Adriva.Common.Core", "Common\src\Adriva.Common.Core.csproj", "{8C4FF0D2-E33E-4A18-8654-DC6A5A8DB2C8}"
EndProject
Project("{2150E333-8FDC-42A3-9474-1A3956D46DE8}") = "Analytics", "Analytics", "{F76FB04B-A5B4-4B31-83D6-04C994AFBD66}"
EndProject
Project("{2150E333-8FDC-42A3-9474-1A3956D46DE8}") = "src", "src", "{DBE6D58F-EE5C-43E2-8D3C-74B6D346A72B}"
EndProject
Project("{FAE04EC0-301F-11D3-BF4B-00C04F79EFBC}") = "Adriva.Extensions.Analytics.AppInsights", "Analytics\src\Adriva.Extensions.Analytics.AppInsights\Adriva.Extensions.Analytics.AppInsights.csproj", "{ADCDD284-C858-472B-8661-0DE483787FA0}"
EndProject
Project("{FAE04EC0-301F-11D3-BF4B-00C04F79EFBC}") = "Adriva.Extensions.Analytics.Server.AppInsights", "Analytics\src\Adriva.Extensions.Analytics.Server.AppInsights\Adriva.Extensions.Analytics.Server.AppInsights.csproj", "{51F97653-7244-431B-AFF8-2F1C1B3E9BBC}"
EndProject
Project("{FAE04EC0-301F-11D3-BF4B-00C04F79EFBC}") = "Adriva.Extensions.Analytics.Repository.EntityFramework.SqlLite", "Analytics\src\Adriva.Extensions.Analytics.Repository.EntityFramework.SqlLite\Adriva.Extensions.Analytics.Repository.EntityFramework.SqlLite.csproj", "{F7C80E58-4B4C-4F7F-9A42-F158398552EA}"
EndProject
Project("{2150E333-8FDC-42A3-9474-1A3956D46DE8}") = "Caching", "Caching", "{DF39BC82-3549-4F13-8DF2-B080A65DDC5F}"
EndProject
Project("{2150E333-8FDC-42A3-9474-1A3956D46DE8}") = "src", "src", "{BDEA4115-1109-4901-BCF0-B94990C94010}"
EndProject
Project("{FAE04EC0-301F-11D3-BF4B-00C04F79EFBC}") = "Adriva.Extensions.Caching.Memory", "Caching\src\Adriva.Extensions.Caching.Memory\Adriva.Extensions.Caching.Memory.csproj", "{B14BB140-3710-4929-B826-AF5A5433E530}"
EndProject
Project("{2150E333-8FDC-42A3-9474-1A3956D46DE8}") = "Optimization", "Optimization", "{92F4E50A-BA3D-4D1A-B7E0-6DA90232B100}"
EndProject
Project("{2150E333-8FDC-42A3-9474-1A3956D46DE8}") = "src", "src", "{14A6C0C1-6A1B-4A18-8D61-8E923DB13B2E}"
EndProject
Project("{FAE04EC0-301F-11D3-BF4B-00C04F79EFBC}") = "Adriva.Extensions.Optimization.Web", "Optimization\src\Adriva.Extensions.Optimization.Web\Adriva.Extensions.Optimization.Web.csproj", "{B8F824CA-3692-4456-8F11-90089928B69F}"
EndProject
Project("{2150E333-8FDC-42A3-9474-1A3956D46DE8}") = "Storage", "Storage", "{0C8C7309-F730-4689-B2C2-AA705E6B406B}"
EndProject
Project("{2150E333-8FDC-42A3-9474-1A3956D46DE8}") = "src", "src", "{D85C7CCE-B04E-44B2-AE38-B78528EC8580}"
EndProject
Project("{FAE04EC0-301F-11D3-BF4B-00C04F79EFBC}") = "Adriva.Storage.Azure", "Storage\src\Adriva.Storage.Azure\Adriva.Storage.Azure.csproj", "{1B1EBBC4-827A-4124-BD95-E888E4F367D6}"
EndProject
Project("{2150E333-8FDC-42A3-9474-1A3956D46DE8}") = "Web", "Web", "{D94407DB-DBDD-41F0-BE7F-A5937E1E598A}"
EndProject
Project("{2150E333-8FDC-42A3-9474-1A3956D46DE8}") = "src", "src", "{83D8A4B6-9CB7-4281-A6C0-1B6DEE03C0E1}"
EndProject
Project("{FAE04EC0-301F-11D3-BF4B-00C04F79EFBC}") = "Adriva.Web.Controls", "Web\src\Adriva.Web.Controls\Adriva.Web.Controls.csproj", "{79AA381A-D5AF-4B35-AFF6-6F3802134521}"
EndProject
Project("{FAE04EC0-301F-11D3-BF4B-00C04F79EFBC}") = "Adriva.Extensions.Caching.Distributed", "Caching\src\Adriva.Extensions.Caching.Distributed\Adriva.Extensions.Caching.Distributed.csproj", "{BE76CEC5-91AD-4401-B992-0EA43E453F30}"
EndProject
Global
	GlobalSection(SolutionConfigurationPlatforms) = preSolution
		Debug|Any CPU = Debug|Any CPU
		Debug|x64 = Debug|x64
		Debug|x86 = Debug|x86
		Release|Any CPU = Release|Any CPU
		Release|x64 = Release|x64
		Release|x86 = Release|x86
	EndGlobalSection
	GlobalSection(SolutionProperties) = preSolution
		HideSolutionNode = FALSE
	EndGlobalSection
	GlobalSection(ProjectConfigurationPlatforms) = postSolution
		{8C4FF0D2-E33E-4A18-8654-DC6A5A8DB2C8}.Debug|Any CPU.ActiveCfg = Debug|Any CPU
		{8C4FF0D2-E33E-4A18-8654-DC6A5A8DB2C8}.Debug|Any CPU.Build.0 = Debug|Any CPU
		{8C4FF0D2-E33E-4A18-8654-DC6A5A8DB2C8}.Debug|x64.ActiveCfg = Debug|Any CPU
		{8C4FF0D2-E33E-4A18-8654-DC6A5A8DB2C8}.Debug|x64.Build.0 = Debug|Any CPU
		{8C4FF0D2-E33E-4A18-8654-DC6A5A8DB2C8}.Debug|x86.ActiveCfg = Debug|Any CPU
		{8C4FF0D2-E33E-4A18-8654-DC6A5A8DB2C8}.Debug|x86.Build.0 = Debug|Any CPU
		{8C4FF0D2-E33E-4A18-8654-DC6A5A8DB2C8}.Release|Any CPU.ActiveCfg = Release|Any CPU
		{8C4FF0D2-E33E-4A18-8654-DC6A5A8DB2C8}.Release|Any CPU.Build.0 = Release|Any CPU
		{8C4FF0D2-E33E-4A18-8654-DC6A5A8DB2C8}.Release|x64.ActiveCfg = Release|Any CPU
		{8C4FF0D2-E33E-4A18-8654-DC6A5A8DB2C8}.Release|x64.Build.0 = Release|Any CPU
		{8C4FF0D2-E33E-4A18-8654-DC6A5A8DB2C8}.Release|x86.ActiveCfg = Release|Any CPU
		{8C4FF0D2-E33E-4A18-8654-DC6A5A8DB2C8}.Release|x86.Build.0 = Release|Any CPU
		{ADCDD284-C858-472B-8661-0DE483787FA0}.Debug|Any CPU.ActiveCfg = Debug|Any CPU
		{ADCDD284-C858-472B-8661-0DE483787FA0}.Debug|Any CPU.Build.0 = Debug|Any CPU
		{ADCDD284-C858-472B-8661-0DE483787FA0}.Debug|x64.ActiveCfg = Debug|Any CPU
		{ADCDD284-C858-472B-8661-0DE483787FA0}.Debug|x64.Build.0 = Debug|Any CPU
		{ADCDD284-C858-472B-8661-0DE483787FA0}.Debug|x86.ActiveCfg = Debug|Any CPU
		{ADCDD284-C858-472B-8661-0DE483787FA0}.Debug|x86.Build.0 = Debug|Any CPU
		{ADCDD284-C858-472B-8661-0DE483787FA0}.Release|Any CPU.ActiveCfg = Release|Any CPU
		{ADCDD284-C858-472B-8661-0DE483787FA0}.Release|Any CPU.Build.0 = Release|Any CPU
		{ADCDD284-C858-472B-8661-0DE483787FA0}.Release|x64.ActiveCfg = Release|Any CPU
		{ADCDD284-C858-472B-8661-0DE483787FA0}.Release|x64.Build.0 = Release|Any CPU
		{ADCDD284-C858-472B-8661-0DE483787FA0}.Release|x86.ActiveCfg = Release|Any CPU
		{ADCDD284-C858-472B-8661-0DE483787FA0}.Release|x86.Build.0 = Release|Any CPU
		{51F97653-7244-431B-AFF8-2F1C1B3E9BBC}.Debug|Any CPU.ActiveCfg = Debug|Any CPU
		{51F97653-7244-431B-AFF8-2F1C1B3E9BBC}.Debug|Any CPU.Build.0 = Debug|Any CPU
		{51F97653-7244-431B-AFF8-2F1C1B3E9BBC}.Debug|x64.ActiveCfg = Debug|Any CPU
		{51F97653-7244-431B-AFF8-2F1C1B3E9BBC}.Debug|x64.Build.0 = Debug|Any CPU
		{51F97653-7244-431B-AFF8-2F1C1B3E9BBC}.Debug|x86.ActiveCfg = Debug|Any CPU
		{51F97653-7244-431B-AFF8-2F1C1B3E9BBC}.Debug|x86.Build.0 = Debug|Any CPU
		{51F97653-7244-431B-AFF8-2F1C1B3E9BBC}.Release|Any CPU.ActiveCfg = Release|Any CPU
		{51F97653-7244-431B-AFF8-2F1C1B3E9BBC}.Release|Any CPU.Build.0 = Release|Any CPU
		{51F97653-7244-431B-AFF8-2F1C1B3E9BBC}.Release|x64.ActiveCfg = Release|Any CPU
		{51F97653-7244-431B-AFF8-2F1C1B3E9BBC}.Release|x64.Build.0 = Release|Any CPU
		{51F97653-7244-431B-AFF8-2F1C1B3E9BBC}.Release|x86.ActiveCfg = Release|Any CPU
		{51F97653-7244-431B-AFF8-2F1C1B3E9BBC}.Release|x86.Build.0 = Release|Any CPU
		{F7C80E58-4B4C-4F7F-9A42-F158398552EA}.Debug|Any CPU.ActiveCfg = Debug|Any CPU
		{F7C80E58-4B4C-4F7F-9A42-F158398552EA}.Debug|Any CPU.Build.0 = Debug|Any CPU
		{F7C80E58-4B4C-4F7F-9A42-F158398552EA}.Debug|x64.ActiveCfg = Debug|Any CPU
		{F7C80E58-4B4C-4F7F-9A42-F158398552EA}.Debug|x64.Build.0 = Debug|Any CPU
		{F7C80E58-4B4C-4F7F-9A42-F158398552EA}.Debug|x86.ActiveCfg = Debug|Any CPU
		{F7C80E58-4B4C-4F7F-9A42-F158398552EA}.Debug|x86.Build.0 = Debug|Any CPU
		{F7C80E58-4B4C-4F7F-9A42-F158398552EA}.Release|Any CPU.ActiveCfg = Release|Any CPU
		{F7C80E58-4B4C-4F7F-9A42-F158398552EA}.Release|Any CPU.Build.0 = Release|Any CPU
		{F7C80E58-4B4C-4F7F-9A42-F158398552EA}.Release|x64.ActiveCfg = Release|Any CPU
		{F7C80E58-4B4C-4F7F-9A42-F158398552EA}.Release|x64.Build.0 = Release|Any CPU
		{F7C80E58-4B4C-4F7F-9A42-F158398552EA}.Release|x86.ActiveCfg = Release|Any CPU
		{F7C80E58-4B4C-4F7F-9A42-F158398552EA}.Release|x86.Build.0 = Release|Any CPU
		{B14BB140-3710-4929-B826-AF5A5433E530}.Debug|Any CPU.ActiveCfg = Debug|Any CPU
		{B14BB140-3710-4929-B826-AF5A5433E530}.Debug|Any CPU.Build.0 = Debug|Any CPU
		{B14BB140-3710-4929-B826-AF5A5433E530}.Debug|x64.ActiveCfg = Debug|Any CPU
		{B14BB140-3710-4929-B826-AF5A5433E530}.Debug|x64.Build.0 = Debug|Any CPU
		{B14BB140-3710-4929-B826-AF5A5433E530}.Debug|x86.ActiveCfg = Debug|Any CPU
		{B14BB140-3710-4929-B826-AF5A5433E530}.Debug|x86.Build.0 = Debug|Any CPU
		{B14BB140-3710-4929-B826-AF5A5433E530}.Release|Any CPU.ActiveCfg = Release|Any CPU
		{B14BB140-3710-4929-B826-AF5A5433E530}.Release|Any CPU.Build.0 = Release|Any CPU
		{B14BB140-3710-4929-B826-AF5A5433E530}.Release|x64.ActiveCfg = Release|Any CPU
		{B14BB140-3710-4929-B826-AF5A5433E530}.Release|x64.Build.0 = Release|Any CPU
		{B14BB140-3710-4929-B826-AF5A5433E530}.Release|x86.ActiveCfg = Release|Any CPU
		{B14BB140-3710-4929-B826-AF5A5433E530}.Release|x86.Build.0 = Release|Any CPU
		{B8F824CA-3692-4456-8F11-90089928B69F}.Debug|Any CPU.ActiveCfg = Debug|Any CPU
		{B8F824CA-3692-4456-8F11-90089928B69F}.Debug|Any CPU.Build.0 = Debug|Any CPU
		{B8F824CA-3692-4456-8F11-90089928B69F}.Debug|x64.ActiveCfg = Debug|Any CPU
		{B8F824CA-3692-4456-8F11-90089928B69F}.Debug|x64.Build.0 = Debug|Any CPU
		{B8F824CA-3692-4456-8F11-90089928B69F}.Debug|x86.ActiveCfg = Debug|Any CPU
		{B8F824CA-3692-4456-8F11-90089928B69F}.Debug|x86.Build.0 = Debug|Any CPU
		{B8F824CA-3692-4456-8F11-90089928B69F}.Release|Any CPU.ActiveCfg = Release|Any CPU
		{B8F824CA-3692-4456-8F11-90089928B69F}.Release|Any CPU.Build.0 = Release|Any CPU
		{B8F824CA-3692-4456-8F11-90089928B69F}.Release|x64.ActiveCfg = Release|Any CPU
		{B8F824CA-3692-4456-8F11-90089928B69F}.Release|x64.Build.0 = Release|Any CPU
		{B8F824CA-3692-4456-8F11-90089928B69F}.Release|x86.ActiveCfg = Release|Any CPU
		{B8F824CA-3692-4456-8F11-90089928B69F}.Release|x86.Build.0 = Release|Any CPU
		{1B1EBBC4-827A-4124-BD95-E888E4F367D6}.Debug|Any CPU.ActiveCfg = Debug|Any CPU
		{1B1EBBC4-827A-4124-BD95-E888E4F367D6}.Debug|Any CPU.Build.0 = Debug|Any CPU
		{1B1EBBC4-827A-4124-BD95-E888E4F367D6}.Debug|x64.ActiveCfg = Debug|Any CPU
		{1B1EBBC4-827A-4124-BD95-E888E4F367D6}.Debug|x64.Build.0 = Debug|Any CPU
		{1B1EBBC4-827A-4124-BD95-E888E4F367D6}.Debug|x86.ActiveCfg = Debug|Any CPU
		{1B1EBBC4-827A-4124-BD95-E888E4F367D6}.Debug|x86.Build.0 = Debug|Any CPU
		{1B1EBBC4-827A-4124-BD95-E888E4F367D6}.Release|Any CPU.ActiveCfg = Release|Any CPU
		{1B1EBBC4-827A-4124-BD95-E888E4F367D6}.Release|Any CPU.Build.0 = Release|Any CPU
		{1B1EBBC4-827A-4124-BD95-E888E4F367D6}.Release|x64.ActiveCfg = Release|Any CPU
		{1B1EBBC4-827A-4124-BD95-E888E4F367D6}.Release|x64.Build.0 = Release|Any CPU
		{1B1EBBC4-827A-4124-BD95-E888E4F367D6}.Release|x86.ActiveCfg = Release|Any CPU
		{1B1EBBC4-827A-4124-BD95-E888E4F367D6}.Release|x86.Build.0 = Release|Any CPU
		{79AA381A-D5AF-4B35-AFF6-6F3802134521}.Debug|Any CPU.ActiveCfg = Debug|Any CPU
		{79AA381A-D5AF-4B35-AFF6-6F3802134521}.Debug|Any CPU.Build.0 = Debug|Any CPU
		{79AA381A-D5AF-4B35-AFF6-6F3802134521}.Debug|x64.ActiveCfg = Debug|Any CPU
		{79AA381A-D5AF-4B35-AFF6-6F3802134521}.Debug|x64.Build.0 = Debug|Any CPU
		{79AA381A-D5AF-4B35-AFF6-6F3802134521}.Debug|x86.ActiveCfg = Debug|Any CPU
		{79AA381A-D5AF-4B35-AFF6-6F3802134521}.Debug|x86.Build.0 = Debug|Any CPU
		{79AA381A-D5AF-4B35-AFF6-6F3802134521}.Release|Any CPU.ActiveCfg = Release|Any CPU
		{79AA381A-D5AF-4B35-AFF6-6F3802134521}.Release|Any CPU.Build.0 = Release|Any CPU
		{79AA381A-D5AF-4B35-AFF6-6F3802134521}.Release|x64.ActiveCfg = Release|Any CPU
		{79AA381A-D5AF-4B35-AFF6-6F3802134521}.Release|x64.Build.0 = Release|Any CPU
		{79AA381A-D5AF-4B35-AFF6-6F3802134521}.Release|x86.ActiveCfg = Release|Any CPU
		{79AA381A-D5AF-4B35-AFF6-6F3802134521}.Release|x86.Build.0 = Release|Any CPU
		{BE76CEC5-91AD-4401-B992-0EA43E453F30}.Debug|Any CPU.ActiveCfg = Debug|Any CPU
		{BE76CEC5-91AD-4401-B992-0EA43E453F30}.Debug|Any CPU.Build.0 = Debug|Any CPU
		{BE76CEC5-91AD-4401-B992-0EA43E453F30}.Debug|x64.ActiveCfg = Debug|Any CPU
		{BE76CEC5-91AD-4401-B992-0EA43E453F30}.Debug|x64.Build.0 = Debug|Any CPU
		{BE76CEC5-91AD-4401-B992-0EA43E453F30}.Debug|x86.ActiveCfg = Debug|Any CPU
		{BE76CEC5-91AD-4401-B992-0EA43E453F30}.Debug|x86.Build.0 = Debug|Any CPU
		{BE76CEC5-91AD-4401-B992-0EA43E453F30}.Release|Any CPU.ActiveCfg = Release|Any CPU
		{BE76CEC5-91AD-4401-B992-0EA43E453F30}.Release|Any CPU.Build.0 = Release|Any CPU
		{BE76CEC5-91AD-4401-B992-0EA43E453F30}.Release|x64.ActiveCfg = Release|Any CPU
		{BE76CEC5-91AD-4401-B992-0EA43E453F30}.Release|x64.Build.0 = Release|Any CPU
		{BE76CEC5-91AD-4401-B992-0EA43E453F30}.Release|x86.ActiveCfg = Release|Any CPU
		{BE76CEC5-91AD-4401-B992-0EA43E453F30}.Release|x86.Build.0 = Release|Any CPU
	EndGlobalSection
	GlobalSection(NestedProjects) = preSolution
		{8C4FF0D2-E33E-4A18-8654-DC6A5A8DB2C8} = {784E2AE4-0890-4702-AA9E-6C339AB2A6B0}
		{DBE6D58F-EE5C-43E2-8D3C-74B6D346A72B} = {F76FB04B-A5B4-4B31-83D6-04C994AFBD66}
		{ADCDD284-C858-472B-8661-0DE483787FA0} = {DBE6D58F-EE5C-43E2-8D3C-74B6D346A72B}
		{51F97653-7244-431B-AFF8-2F1C1B3E9BBC} = {DBE6D58F-EE5C-43E2-8D3C-74B6D346A72B}
		{F7C80E58-4B4C-4F7F-9A42-F158398552EA} = {DBE6D58F-EE5C-43E2-8D3C-74B6D346A72B}
		{BDEA4115-1109-4901-BCF0-B94990C94010} = {DF39BC82-3549-4F13-8DF2-B080A65DDC5F}
		{B14BB140-3710-4929-B826-AF5A5433E530} = {BDEA4115-1109-4901-BCF0-B94990C94010}
		{14A6C0C1-6A1B-4A18-8D61-8E923DB13B2E} = {92F4E50A-BA3D-4D1A-B7E0-6DA90232B100}
		{B8F824CA-3692-4456-8F11-90089928B69F} = {14A6C0C1-6A1B-4A18-8D61-8E923DB13B2E}
		{D85C7CCE-B04E-44B2-AE38-B78528EC8580} = {0C8C7309-F730-4689-B2C2-AA705E6B406B}
		{1B1EBBC4-827A-4124-BD95-E888E4F367D6} = {D85C7CCE-B04E-44B2-AE38-B78528EC8580}
		{83D8A4B6-9CB7-4281-A6C0-1B6DEE03C0E1} = {D94407DB-DBDD-41F0-BE7F-A5937E1E598A}
		{79AA381A-D5AF-4B35-AFF6-6F3802134521} = {83D8A4B6-9CB7-4281-A6C0-1B6DEE03C0E1}
		{BE76CEC5-91AD-4401-B992-0EA43E453F30} = {BDEA4115-1109-4901-BCF0-B94990C94010}
	EndGlobalSection
EndGlobal
