
Microsoft Visual Studio Solution File, Format Version 12.00
# Visual Studio 15
VisualStudioVersion = 15.0.26124.0
MinimumVisualStudioVersion = 15.0.26124.0
Project("{2150E333-8FDC-42A3-9474-1A3956D46DE8}") = "Common", "Common", "{784E2AE4-0890-4702-AA9E-6C339AB2A6B0}"
EndProject
Project("{FAE04EC0-301F-11D3-BF4B-00C04F79EFBC}") = "Adriva.Common.Core", "Common\src\Adriva.Common.Core.csproj", "{8C4FF0D2-E33E-4A18-8654-DC6A5A8DB2C8}"
EndProject
Project("{2150E333-8FDC-42A3-9474-1A3956D46DE8}") = "Analytics", "Analytics", "{F76FB04B-A5B4-4B31-83D6-04C994AFBD66}"
EndProject
Project("{2150E333-8FDC-42A3-9474-1A3956D46DE8}") = "src", "src", "{DBE6D58F-EE5C-43E2-8D3C-74B6D346A72B}"
EndProject
Project("{FAE04EC0-301F-11D3-BF4B-00C04F79EFBC}") = "Adriva.Extensions.Analytics.AppInsights", "Analytics\src\Adriva.Extensions.Analytics.AppInsights\Adriva.Extensions.Analytics.AppInsights.csproj", "{ADCDD284-C858-472B-8661-0DE483787FA0}"
EndProject
Project("{FAE04EC0-301F-11D3-BF4B-00C04F79EFBC}") = "Adriva.Extensions.Analytics.Server.AppInsights", "Analytics\src\Adriva.Extensions.Analytics.Server.AppInsights\Adriva.Extensions.Analytics.Server.AppInsights.csproj", "{51F97653-7244-431B-AFF8-2F1C1B3E9BBC}"
EndProject
Project("{FAE04EC0-301F-11D3-BF4B-00C04F79EFBC}") = "Adriva.Extensions.Analytics.Repository.EntityFramework.SqlLite", "Analytics\src\Adriva.Extensions.Analytics.Repository.EntityFramework.SqlLite\Adriva.Extensions.Analytics.Repository.EntityFramework.SqlLite.csproj", "{F7C80E58-4B4C-4F7F-9A42-F158398552EA}"
EndProject
Project("{2150E333-8FDC-42A3-9474-1A3956D46DE8}") = "Caching", "Caching", "{DF39BC82-3549-4F13-8DF2-B080A65DDC5F}"
EndProject
Project("{2150E333-8FDC-42A3-9474-1A3956D46DE8}") = "src", "src", "{BDEA4115-1109-4901-BCF0-B94990C94010}"
EndProject
Project("{FAE04EC0-301F-11D3-BF4B-00C04F79EFBC}") = "Adriva.Extensions.Caching.Memory", "Caching\src\Adriva.Extensions.Caching.Memory\Adriva.Extensions.Caching.Memory.csproj", "{B14BB140-3710-4929-B826-AF5A5433E530}"
EndProject
Project("{2150E333-8FDC-42A3-9474-1A3956D46DE8}") = "TextSearch", "TextSearch", "{3A378362-396B-4E60-8C64-504BF934629B}"
EndProject
Project("{FAE04EC0-301F-11D3-BF4B-00C04F79EFBC}") = "Adriva.Extensions.TextSearch", "TextSearch\src\Adriva.Extensions.TextSearch.csproj", "{4F0C0E0A-1DD8-486B-80A9-ACE7B183B4C8}"
EndProject
Project("{2150E333-8FDC-42A3-9474-1A3956D46DE8}") = "Storage", "Storage", "{EBCC1CEE-D6E1-4260-9FF1-744A6B9A0037}"
EndProject
Project("{2150E333-8FDC-42A3-9474-1A3956D46DE8}") = "src", "src", "{B2DC0FFE-B13F-4976-B605-5471BB7B91AE}"
EndProject
Project("{FAE04EC0-301F-11D3-BF4B-00C04F79EFBC}") = "Adriva.Storage.SqlServer", "Storage\src\Adriva.Storage.SqlServer\Adriva.Storage.SqlServer.csproj", "{212F9D29-00A2-4610-B306-8FB5EB7E5434}"
EndProject
Project("{FAE04EC0-301F-11D3-BF4B-00C04F79EFBC}") = "Adriva.Storage.RabbitMq", "Storage\src\Adriva.Storage.RabbitMq\Adriva.Storage.RabbitMq.csproj", "{8D48BB9F-2CD3-46E4-946D-6E60607B012C}"
EndProject
Project("{2150E333-8FDC-42A3-9474-1A3956D46DE8}") = "Reporting", "Reporting", "{08125880-C780-4D60-AB69-A7D9A0B0F0EA}"
EndProject
Project("{2150E333-8FDC-42A3-9474-1A3956D46DE8}") = "src", "src", "{38338468-B096-4647-903F-8647AA3F28BE}"
EndProject
Project("{FAE04EC0-301F-11D3-BF4B-00C04F79EFBC}") = "Adriva.Extensions.Reporting.SqlServer", "Reporting\src\Adriva.Extensions.Reporting.SqlServer\Adriva.Extensions.Reporting.SqlServer.csproj", "{3C75E122-C668-41D5-A4D2-6BDAA014A0F4}"
EndProject
Project("{FAE04EC0-301F-11D3-BF4B-00C04F79EFBC}") = "Adriva.Extensions.Caching.SqlServer", "Caching\src\Adriva.Extensions.Caching.SqlServer\Adriva.Extensions.Caching.SqlServer.csproj", "{88F17607-D03F-4CA7-8C50-51E4E099A4C9}"
EndProject
Project("{2150E333-8FDC-42A3-9474-1A3956D46DE8}") = "DevTools", "DevTools", "{F46A8E9D-89CD-48BF-9C61-8CF9CA2CA3E0}"
EndProject
Project("{FAE04EC0-301F-11D3-BF4B-00C04F79EFBC}") = "Adriva.DevTools.Cli", "DevTools\Adriva.DevTools.Cli\Adriva.DevTools.Cli.csproj", "{0D75D553-38D2-496A-9288-045CBA7091F9}"
EndProject
Global
	GlobalSection(SolutionConfigurationPlatforms) = preSolution
		Debug|Any CPU = Debug|Any CPU
		Debug|x64 = Debug|x64
		Debug|x86 = Debug|x86
		Release|Any CPU = Release|Any CPU
		Release|x64 = Release|x64
		Release|x86 = Release|x86
	EndGlobalSection
	GlobalSection(SolutionProperties) = preSolution
		HideSolutionNode = FALSE
	EndGlobalSection
	GlobalSection(ProjectConfigurationPlatforms) = postSolution
		{8C4FF0D2-E33E-4A18-8654-DC6A5A8DB2C8}.Debug|Any CPU.ActiveCfg = Debug|Any CPU
		{8C4FF0D2-E33E-4A18-8654-DC6A5A8DB2C8}.Debug|Any CPU.Build.0 = Debug|Any CPU
		{8C4FF0D2-E33E-4A18-8654-DC6A5A8DB2C8}.Debug|x64.ActiveCfg = Debug|Any CPU
		{8C4FF0D2-E33E-4A18-8654-DC6A5A8DB2C8}.Debug|x64.Build.0 = Debug|Any CPU
		{8C4FF0D2-E33E-4A18-8654-DC6A5A8DB2C8}.Debug|x86.ActiveCfg = Debug|Any CPU
		{8C4FF0D2-E33E-4A18-8654-DC6A5A8DB2C8}.Debug|x86.Build.0 = Debug|Any CPU
		{8C4FF0D2-E33E-4A18-8654-DC6A5A8DB2C8}.Release|Any CPU.ActiveCfg = Release|Any CPU
		{8C4FF0D2-E33E-4A18-8654-DC6A5A8DB2C8}.Release|Any CPU.Build.0 = Release|Any CPU
		{8C4FF0D2-E33E-4A18-8654-DC6A5A8DB2C8}.Release|x64.ActiveCfg = Release|Any CPU
		{8C4FF0D2-E33E-4A18-8654-DC6A5A8DB2C8}.Release|x64.Build.0 = Release|Any CPU
		{8C4FF0D2-E33E-4A18-8654-DC6A5A8DB2C8}.Release|x86.ActiveCfg = Release|Any CPU
		{8C4FF0D2-E33E-4A18-8654-DC6A5A8DB2C8}.Release|x86.Build.0 = Release|Any CPU
		{ADCDD284-C858-472B-8661-0DE483787FA0}.Debug|Any CPU.ActiveCfg = Debug|Any CPU
		{ADCDD284-C858-472B-8661-0DE483787FA0}.Debug|Any CPU.Build.0 = Debug|Any CPU
		{ADCDD284-C858-472B-8661-0DE483787FA0}.Debug|x64.ActiveCfg = Debug|Any CPU
		{ADCDD284-C858-472B-8661-0DE483787FA0}.Debug|x64.Build.0 = Debug|Any CPU
		{ADCDD284-C858-472B-8661-0DE483787FA0}.Debug|x86.ActiveCfg = Debug|Any CPU
		{ADCDD284-C858-472B-8661-0DE483787FA0}.Debug|x86.Build.0 = Debug|Any CPU
		{ADCDD284-C858-472B-8661-0DE483787FA0}.Release|Any CPU.ActiveCfg = Release|Any CPU
		{ADCDD284-C858-472B-8661-0DE483787FA0}.Release|Any CPU.Build.0 = Release|Any CPU
		{ADCDD284-C858-472B-8661-0DE483787FA0}.Release|x64.ActiveCfg = Release|Any CPU
		{ADCDD284-C858-472B-8661-0DE483787FA0}.Release|x64.Build.0 = Release|Any CPU
		{ADCDD284-C858-472B-8661-0DE483787FA0}.Release|x86.ActiveCfg = Release|Any CPU
		{ADCDD284-C858-472B-8661-0DE483787FA0}.Release|x86.Build.0 = Release|Any CPU
		{51F97653-7244-431B-AFF8-2F1C1B3E9BBC}.Debug|Any CPU.ActiveCfg = Debug|Any CPU
		{51F97653-7244-431B-AFF8-2F1C1B3E9BBC}.Debug|Any CPU.Build.0 = Debug|Any CPU
		{51F97653-7244-431B-AFF8-2F1C1B3E9BBC}.Debug|x64.ActiveCfg = Debug|Any CPU
		{51F97653-7244-431B-AFF8-2F1C1B3E9BBC}.Debug|x64.Build.0 = Debug|Any CPU
		{51F97653-7244-431B-AFF8-2F1C1B3E9BBC}.Debug|x86.ActiveCfg = Debug|Any CPU
		{51F97653-7244-431B-AFF8-2F1C1B3E9BBC}.Debug|x86.Build.0 = Debug|Any CPU
		{51F97653-7244-431B-AFF8-2F1C1B3E9BBC}.Release|Any CPU.ActiveCfg = Release|Any CPU
		{51F97653-7244-431B-AFF8-2F1C1B3E9BBC}.Release|Any CPU.Build.0 = Release|Any CPU
		{51F97653-7244-431B-AFF8-2F1C1B3E9BBC}.Release|x64.ActiveCfg = Release|Any CPU
		{51F97653-7244-431B-AFF8-2F1C1B3E9BBC}.Release|x64.Build.0 = Release|Any CPU
		{51F97653-7244-431B-AFF8-2F1C1B3E9BBC}.Release|x86.ActiveCfg = Release|Any CPU
		{51F97653-7244-431B-AFF8-2F1C1B3E9BBC}.Release|x86.Build.0 = Release|Any CPU
		{F7C80E58-4B4C-4F7F-9A42-F158398552EA}.Debug|Any CPU.ActiveCfg = Debug|Any CPU
		{F7C80E58-4B4C-4F7F-9A42-F158398552EA}.Debug|Any CPU.Build.0 = Debug|Any CPU
		{F7C80E58-4B4C-4F7F-9A42-F158398552EA}.Debug|x64.ActiveCfg = Debug|Any CPU
		{F7C80E58-4B4C-4F7F-9A42-F158398552EA}.Debug|x64.Build.0 = Debug|Any CPU
		{F7C80E58-4B4C-4F7F-9A42-F158398552EA}.Debug|x86.ActiveCfg = Debug|Any CPU
		{F7C80E58-4B4C-4F7F-9A42-F158398552EA}.Debug|x86.Build.0 = Debug|Any CPU
		{F7C80E58-4B4C-4F7F-9A42-F158398552EA}.Release|Any CPU.ActiveCfg = Release|Any CPU
		{F7C80E58-4B4C-4F7F-9A42-F158398552EA}.Release|Any CPU.Build.0 = Release|Any CPU
		{F7C80E58-4B4C-4F7F-9A42-F158398552EA}.Release|x64.ActiveCfg = Release|Any CPU
		{F7C80E58-4B4C-4F7F-9A42-F158398552EA}.Release|x64.Build.0 = Release|Any CPU
		{F7C80E58-4B4C-4F7F-9A42-F158398552EA}.Release|x86.ActiveCfg = Release|Any CPU
		{F7C80E58-4B4C-4F7F-9A42-F158398552EA}.Release|x86.Build.0 = Release|Any CPU
		{B14BB140-3710-4929-B826-AF5A5433E530}.Debug|Any CPU.ActiveCfg = Debug|Any CPU
		{B14BB140-3710-4929-B826-AF5A5433E530}.Debug|Any CPU.Build.0 = Debug|Any CPU
		{B14BB140-3710-4929-B826-AF5A5433E530}.Debug|x64.ActiveCfg = Debug|Any CPU
		{B14BB140-3710-4929-B826-AF5A5433E530}.Debug|x64.Build.0 = Debug|Any CPU
		{B14BB140-3710-4929-B826-AF5A5433E530}.Debug|x86.ActiveCfg = Debug|Any CPU
		{B14BB140-3710-4929-B826-AF5A5433E530}.Debug|x86.Build.0 = Debug|Any CPU
		{B14BB140-3710-4929-B826-AF5A5433E530}.Release|Any CPU.ActiveCfg = Release|Any CPU
		{B14BB140-3710-4929-B826-AF5A5433E530}.Release|Any CPU.Build.0 = Release|Any CPU
		{B14BB140-3710-4929-B826-AF5A5433E530}.Release|x64.ActiveCfg = Release|Any CPU
		{B14BB140-3710-4929-B826-AF5A5433E530}.Release|x64.Build.0 = Release|Any CPU
		{B14BB140-3710-4929-B826-AF5A5433E530}.Release|x86.ActiveCfg = Release|Any CPU
		{B14BB140-3710-4929-B826-AF5A5433E530}.Release|x86.Build.0 = Release|Any CPU
		{4F0C0E0A-1DD8-486B-80A9-ACE7B183B4C8}.Debug|Any CPU.ActiveCfg = Debug|Any CPU
		{4F0C0E0A-1DD8-486B-80A9-ACE7B183B4C8}.Debug|Any CPU.Build.0 = Debug|Any CPU
		{4F0C0E0A-1DD8-486B-80A9-ACE7B183B4C8}.Debug|x64.ActiveCfg = Debug|Any CPU
		{4F0C0E0A-1DD8-486B-80A9-ACE7B183B4C8}.Debug|x64.Build.0 = Debug|Any CPU
		{4F0C0E0A-1DD8-486B-80A9-ACE7B183B4C8}.Debug|x86.ActiveCfg = Debug|Any CPU
		{4F0C0E0A-1DD8-486B-80A9-ACE7B183B4C8}.Debug|x86.Build.0 = Debug|Any CPU
		{4F0C0E0A-1DD8-486B-80A9-ACE7B183B4C8}.Release|Any CPU.ActiveCfg = Release|Any CPU
		{4F0C0E0A-1DD8-486B-80A9-ACE7B183B4C8}.Release|Any CPU.Build.0 = Release|Any CPU
		{4F0C0E0A-1DD8-486B-80A9-ACE7B183B4C8}.Release|x64.ActiveCfg = Release|Any CPU
		{4F0C0E0A-1DD8-486B-80A9-ACE7B183B4C8}.Release|x64.Build.0 = Release|Any CPU
		{4F0C0E0A-1DD8-486B-80A9-ACE7B183B4C8}.Release|x86.ActiveCfg = Release|Any CPU
		{4F0C0E0A-1DD8-486B-80A9-ACE7B183B4C8}.Release|x86.Build.0 = Release|Any CPU
		{212F9D29-00A2-4610-B306-8FB5EB7E5434}.Debug|Any CPU.ActiveCfg = Debug|Any CPU
		{212F9D29-00A2-4610-B306-8FB5EB7E5434}.Debug|Any CPU.Build.0 = Debug|Any CPU
		{212F9D29-00A2-4610-B306-8FB5EB7E5434}.Debug|x64.ActiveCfg = Debug|Any CPU
		{212F9D29-00A2-4610-B306-8FB5EB7E5434}.Debug|x64.Build.0 = Debug|Any CPU
		{212F9D29-00A2-4610-B306-8FB5EB7E5434}.Debug|x86.ActiveCfg = Debug|Any CPU
		{212F9D29-00A2-4610-B306-8FB5EB7E5434}.Debug|x86.Build.0 = Debug|Any CPU
		{212F9D29-00A2-4610-B306-8FB5EB7E5434}.Release|Any CPU.ActiveCfg = Release|Any CPU
		{212F9D29-00A2-4610-B306-8FB5EB7E5434}.Release|Any CPU.Build.0 = Release|Any CPU
		{212F9D29-00A2-4610-B306-8FB5EB7E5434}.Release|x64.ActiveCfg = Release|Any CPU
		{212F9D29-00A2-4610-B306-8FB5EB7E5434}.Release|x64.Build.0 = Release|Any CPU
		{212F9D29-00A2-4610-B306-8FB5EB7E5434}.Release|x86.ActiveCfg = Release|Any CPU
		{212F9D29-00A2-4610-B306-8FB5EB7E5434}.Release|x86.Build.0 = Release|Any CPU
		{8D48BB9F-2CD3-46E4-946D-6E60607B012C}.Debug|Any CPU.ActiveCfg = Debug|Any CPU
		{8D48BB9F-2CD3-46E4-946D-6E60607B012C}.Debug|Any CPU.Build.0 = Debug|Any CPU
		{8D48BB9F-2CD3-46E4-946D-6E60607B012C}.Debug|x64.ActiveCfg = Debug|Any CPU
		{8D48BB9F-2CD3-46E4-946D-6E60607B012C}.Debug|x64.Build.0 = Debug|Any CPU
		{8D48BB9F-2CD3-46E4-946D-6E60607B012C}.Debug|x86.ActiveCfg = Debug|Any CPU
		{8D48BB9F-2CD3-46E4-946D-6E60607B012C}.Debug|x86.Build.0 = Debug|Any CPU
		{8D48BB9F-2CD3-46E4-946D-6E60607B012C}.Release|Any CPU.ActiveCfg = Release|Any CPU
		{8D48BB9F-2CD3-46E4-946D-6E60607B012C}.Release|Any CPU.Build.0 = Release|Any CPU
		{8D48BB9F-2CD3-46E4-946D-6E60607B012C}.Release|x64.ActiveCfg = Release|Any CPU
		{8D48BB9F-2CD3-46E4-946D-6E60607B012C}.Release|x64.Build.0 = Release|Any CPU
		{8D48BB9F-2CD3-46E4-946D-6E60607B012C}.Release|x86.ActiveCfg = Release|Any CPU
		{8D48BB9F-2CD3-46E4-946D-6E60607B012C}.Release|x86.Build.0 = Release|Any CPU
		{3C75E122-C668-41D5-A4D2-6BDAA014A0F4}.Debug|Any CPU.ActiveCfg = Debug|Any CPU
		{3C75E122-C668-41D5-A4D2-6BDAA014A0F4}.Debug|Any CPU.Build.0 = Debug|Any CPU
		{3C75E122-C668-41D5-A4D2-6BDAA014A0F4}.Debug|x64.ActiveCfg = Debug|Any CPU
		{3C75E122-C668-41D5-A4D2-6BDAA014A0F4}.Debug|x64.Build.0 = Debug|Any CPU
		{3C75E122-C668-41D5-A4D2-6BDAA014A0F4}.Debug|x86.ActiveCfg = Debug|Any CPU
		{3C75E122-C668-41D5-A4D2-6BDAA014A0F4}.Debug|x86.Build.0 = Debug|Any CPU
		{3C75E122-C668-41D5-A4D2-6BDAA014A0F4}.Release|Any CPU.ActiveCfg = Release|Any CPU
		{3C75E122-C668-41D5-A4D2-6BDAA014A0F4}.Release|Any CPU.Build.0 = Release|Any CPU
		{3C75E122-C668-41D5-A4D2-6BDAA014A0F4}.Release|x64.ActiveCfg = Release|Any CPU
		{3C75E122-C668-41D5-A4D2-6BDAA014A0F4}.Release|x64.Build.0 = Release|Any CPU
		{3C75E122-C668-41D5-A4D2-6BDAA014A0F4}.Release|x86.ActiveCfg = Release|Any CPU
		{3C75E122-C668-41D5-A4D2-6BDAA014A0F4}.Release|x86.Build.0 = Release|Any CPU
		{88F17607-D03F-4CA7-8C50-51E4E099A4C9}.Debug|Any CPU.ActiveCfg = Debug|Any CPU
		{88F17607-D03F-4CA7-8C50-51E4E099A4C9}.Debug|Any CPU.Build.0 = Debug|Any CPU
		{88F17607-D03F-4CA7-8C50-51E4E099A4C9}.Debug|x64.ActiveCfg = Debug|Any CPU
		{88F17607-D03F-4CA7-8C50-51E4E099A4C9}.Debug|x64.Build.0 = Debug|Any CPU
		{88F17607-D03F-4CA7-8C50-51E4E099A4C9}.Debug|x86.ActiveCfg = Debug|Any CPU
		{88F17607-D03F-4CA7-8C50-51E4E099A4C9}.Debug|x86.Build.0 = Debug|Any CPU
		{88F17607-D03F-4CA7-8C50-51E4E099A4C9}.Release|Any CPU.ActiveCfg = Release|Any CPU
		{88F17607-D03F-4CA7-8C50-51E4E099A4C9}.Release|Any CPU.Build.0 = Release|Any CPU
		{88F17607-D03F-4CA7-8C50-51E4E099A4C9}.Release|x64.ActiveCfg = Release|Any CPU
		{88F17607-D03F-4CA7-8C50-51E4E099A4C9}.Release|x64.Build.0 = Release|Any CPU
		{88F17607-D03F-4CA7-8C50-51E4E099A4C9}.Release|x86.ActiveCfg = Release|Any CPU
		{88F17607-D03F-4CA7-8C50-51E4E099A4C9}.Release|x86.Build.0 = Release|Any CPU
		{0D75D553-38D2-496A-9288-045CBA7091F9}.Debug|Any CPU.ActiveCfg = Debug|Any CPU
		{0D75D553-38D2-496A-9288-045CBA7091F9}.Debug|Any CPU.Build.0 = Debug|Any CPU
		{0D75D553-38D2-496A-9288-045CBA7091F9}.Debug|x64.ActiveCfg = Debug|Any CPU
		{0D75D553-38D2-496A-9288-045CBA7091F9}.Debug|x64.Build.0 = Debug|Any CPU
		{0D75D553-38D2-496A-9288-045CBA7091F9}.Debug|x86.ActiveCfg = Debug|Any CPU
		{0D75D553-38D2-496A-9288-045CBA7091F9}.Debug|x86.Build.0 = Debug|Any CPU
		{0D75D553-38D2-496A-9288-045CBA7091F9}.Release|Any CPU.ActiveCfg = Release|Any CPU
		{0D75D553-38D2-496A-9288-045CBA7091F9}.Release|Any CPU.Build.0 = Release|Any CPU
		{0D75D553-38D2-496A-9288-045CBA7091F9}.Release|x64.ActiveCfg = Release|Any CPU
		{0D75D553-38D2-496A-9288-045CBA7091F9}.Release|x64.Build.0 = Release|Any CPU
		{0D75D553-38D2-496A-9288-045CBA7091F9}.Release|x86.ActiveCfg = Release|Any CPU
		{0D75D553-38D2-496A-9288-045CBA7091F9}.Release|x86.Build.0 = Release|Any CPU
	EndGlobalSection
	GlobalSection(NestedProjects) = preSolution
		{8C4FF0D2-E33E-4A18-8654-DC6A5A8DB2C8} = {784E2AE4-0890-4702-AA9E-6C339AB2A6B0}
		{DBE6D58F-EE5C-43E2-8D3C-74B6D346A72B} = {F76FB04B-A5B4-4B31-83D6-04C994AFBD66}
		{ADCDD284-C858-472B-8661-0DE483787FA0} = {DBE6D58F-EE5C-43E2-8D3C-74B6D346A72B}
		{51F97653-7244-431B-AFF8-2F1C1B3E9BBC} = {DBE6D58F-EE5C-43E2-8D3C-74B6D346A72B}
		{F7C80E58-4B4C-4F7F-9A42-F158398552EA} = {DBE6D58F-EE5C-43E2-8D3C-74B6D346A72B}
		{BDEA4115-1109-4901-BCF0-B94990C94010} = {DF39BC82-3549-4F13-8DF2-B080A65DDC5F}
		{B14BB140-3710-4929-B826-AF5A5433E530} = {BDEA4115-1109-4901-BCF0-B94990C94010}
		{4F0C0E0A-1DD8-486B-80A9-ACE7B183B4C8} = {3A378362-396B-4E60-8C64-504BF934629B}
		{B2DC0FFE-B13F-4976-B605-5471BB7B91AE} = {EBCC1CEE-D6E1-4260-9FF1-744A6B9A0037}
		{212F9D29-00A2-4610-B306-8FB5EB7E5434} = {B2DC0FFE-B13F-4976-B605-5471BB7B91AE}
		{8D48BB9F-2CD3-46E4-946D-6E60607B012C} = {B2DC0FFE-B13F-4976-B605-5471BB7B91AE}
		{38338468-B096-4647-903F-8647AA3F28BE} = {08125880-C780-4D60-AB69-A7D9A0B0F0EA}
		{3C75E122-C668-41D5-A4D2-6BDAA014A0F4} = {38338468-B096-4647-903F-8647AA3F28BE}
		{88F17607-D03F-4CA7-8C50-51E4E099A4C9} = {BDEA4115-1109-4901-BCF0-B94990C94010}
		{0D75D553-38D2-496A-9288-045CBA7091F9} = {F46A8E9D-89CD-48BF-9C61-8CF9CA2CA3E0}
	EndGlobalSection
EndGlobal
