
Microsoft Visual Studio Solution File, Format Version 12.00
# Visual Studio 15
VisualStudioVersion = 15.0.26124.0
MinimumVisualStudioVersion = 15.0.26124.0
Project("{2150E333-8FDC-42A3-9474-1A3956D46DE8}") = "src", "src", "{87D3DCC1-4E18-47D3-B395-8D7E913C1888}"
EndProject
Project("{FAE04EC0-301F-11D3-BF4B-00C04F79EFBC}") = "Adriva.Extensions.Caching.Memory", "src\Adriva.Extensions.Caching.Memory\Adriva.Extensions.Caching.Memory.csproj", "{0815D0C2-7B10-47B9-B903-65E869C0556C}"
EndProject
Project("{FAE04EC0-301F-11D3-BF4B-00C04F79EFBC}") = "Adriva.Extensions.Caching.Abstractions", "src\Adriva.Extensions.Caching.Abstractions\Adriva.Extensions.Caching.Abstractions.csproj", "{29B32D35-AB58-468A-BDB8-C4ACA8A8949C}"
EndProject
Project("{FAE04EC0-301F-11D3-BF4B-00C04F79EFBC}") = "test", "test\test.csproj", "{C3640C31-D767-47B0-9360-75410FB5B78F}"
EndProject
Global
	GlobalSection(SolutionConfigurationPlatforms) = preSolution
		Debug|Any CPU = Debug|Any CPU
		Debug|x64 = Debug|x64
		Debug|x86 = Debug|x86
		Release|Any CPU = Release|Any CPU
		Release|x64 = Release|x64
		Release|x86 = Release|x86
	EndGlobalSection
	GlobalSection(SolutionProperties) = preSolution
		HideSolutionNode = FALSE
	EndGlobalSection
	GlobalSection(ProjectConfigurationPlatforms) = postSolution
		{0815D0C2-7B10-47B9-B903-65E869C0556C}.Debug|Any CPU.ActiveCfg = Debug|Any CPU
		{0815D0C2-7B10-47B9-B903-65E869C0556C}.Debug|Any CPU.Build.0 = Debug|Any CPU
		{0815D0C2-7B10-47B9-B903-65E869C0556C}.Debug|x64.ActiveCfg = Debug|Any CPU
		{0815D0C2-7B10-47B9-B903-65E869C0556C}.Debug|x64.Build.0 = Debug|Any CPU
		{0815D0C2-7B10-47B9-B903-65E869C0556C}.Debug|x86.ActiveCfg = Debug|Any CPU
		{0815D0C2-7B10-47B9-B903-65E869C0556C}.Debug|x86.Build.0 = Debug|Any CPU
		{0815D0C2-7B10-47B9-B903-65E869C0556C}.Release|Any CPU.ActiveCfg = Release|Any CPU
		{0815D0C2-7B10-47B9-B903-65E869C0556C}.Release|Any CPU.Build.0 = Release|Any CPU
		{0815D0C2-7B10-47B9-B903-65E869C0556C}.Release|x64.ActiveCfg = Release|Any CPU
		{0815D0C2-7B10-47B9-B903-65E869C0556C}.Release|x64.Build.0 = Release|Any CPU
		{0815D0C2-7B10-47B9-B903-65E869C0556C}.Release|x86.ActiveCfg = Release|Any CPU
		{0815D0C2-7B10-47B9-B903-65E869C0556C}.Release|x86.Build.0 = Release|Any CPU
		{29B32D35-AB58-468A-BDB8-C4ACA8A8949C}.Debug|Any CPU.ActiveCfg = Debug|Any CPU
		{29B32D35-AB58-468A-BDB8-C4ACA8A8949C}.Debug|Any CPU.Build.0 = Debug|Any CPU
		{29B32D35-AB58-468A-BDB8-C4ACA8A8949C}.Debug|x64.ActiveCfg = Debug|Any CPU
		{29B32D35-AB58-468A-BDB8-C4ACA8A8949C}.Debug|x64.Build.0 = Debug|Any CPU
		{29B32D35-AB58-468A-BDB8-C4ACA8A8949C}.Debug|x86.ActiveCfg = Debug|Any CPU
		{29B32D35-AB58-468A-BDB8-C4ACA8A8949C}.Debug|x86.Build.0 = Debug|Any CPU
		{29B32D35-AB58-468A-BDB8-C4ACA8A8949C}.Release|Any CPU.ActiveCfg = Release|Any CPU
		{29B32D35-AB58-468A-BDB8-C4ACA8A8949C}.Release|Any CPU.Build.0 = Release|Any CPU
		{29B32D35-AB58-468A-BDB8-C4ACA8A8949C}.Release|x64.ActiveCfg = Release|Any CPU
		{29B32D35-AB58-468A-BDB8-C4ACA8A8949C}.Release|x64.Build.0 = Release|Any CPU
		{29B32D35-AB58-468A-BDB8-C4ACA8A8949C}.Release|x86.ActiveCfg = Release|Any CPU
		{29B32D35-AB58-468A-BDB8-C4ACA8A8949C}.Release|x86.Build.0 = Release|Any CPU
		{C3640C31-D767-47B0-9360-75410FB5B78F}.Debug|Any CPU.ActiveCfg = Debug|Any CPU
		{C3640C31-D767-47B0-9360-75410FB5B78F}.Debug|Any CPU.Build.0 = Debug|Any CPU
		{C3640C31-D767-47B0-9360-75410FB5B78F}.Debug|x64.ActiveCfg = Debug|Any CPU
		{C3640C31-D767-47B0-9360-75410FB5B78F}.Debug|x64.Build.0 = Debug|Any CPU
		{C3640C31-D767-47B0-9360-75410FB5B78F}.Debug|x86.ActiveCfg = Debug|Any CPU
		{C3640C31-D767-47B0-9360-75410FB5B78F}.Debug|x86.Build.0 = Debug|Any CPU
		{C3640C31-D767-47B0-9360-75410FB5B78F}.Release|Any CPU.ActiveCfg = Release|Any CPU
		{C3640C31-D767-47B0-9360-75410FB5B78F}.Release|Any CPU.Build.0 = Release|Any CPU
		{C3640C31-D767-47B0-9360-75410FB5B78F}.Release|x64.ActiveCfg = Release|Any CPU
		{C3640C31-D767-47B0-9360-75410FB5B78F}.Release|x64.Build.0 = Release|Any CPU
		{C3640C31-D767-47B0-9360-75410FB5B78F}.Release|x86.ActiveCfg = Release|Any CPU
		{C3640C31-D767-47B0-9360-75410FB5B78F}.Release|x86.Build.0 = Release|Any CPU
	EndGlobalSection
	GlobalSection(NestedProjects) = preSolution
		{0815D0C2-7B10-47B9-B903-65E869C0556C} = {87D3DCC1-4E18-47D3-B395-8D7E913C1888}
		{29B32D35-AB58-468A-BDB8-C4ACA8A8949C} = {87D3DCC1-4E18-47D3-B395-8D7E913C1888}
	EndGlobalSection
EndGlobal
