
Microsoft Visual Studio Solution File, Format Version 12.00
# Visual Studio 15
VisualStudioVersion = 15.0.26124.0
MinimumVisualStudioVersion = 15.0.26124.0
Project("{2150E333-8FDC-42A3-9474-1A3956D46DE8}") = "src", "src", "{85C8FAED-AD22-4CCC-B4D7-48B25AEB178D}"
EndProject
Project("{FAE04EC0-301F-11D3-BF4B-00C04F79EFBC}") = "Adriva.CodeAnalysis.CSharp", "src\Adriva.CodeAnalysis.CSharp\Adriva.CodeAnalysis.CSharp.csproj", "{EEF0F3DA-A4AA-49DB-9963-80B47543FFCB}"
EndProject
Global
	GlobalSection(SolutionConfigurationPlatforms) = preSolution
		Debug|Any CPU = Debug|Any CPU
		Debug|x64 = Debug|x64
		Debug|x86 = Debug|x86
		Release|Any CPU = Release|Any CPU
		Release|x64 = Release|x64
		Release|x86 = Release|x86
	EndGlobalSection
	GlobalSection(SolutionProperties) = preSolution
		HideSolutionNode = FALSE
	EndGlobalSection
	GlobalSection(ProjectConfigurationPlatforms) = postSolution
		{EEF0F3DA-A4AA-49DB-9963-80B47543FFCB}.Debug|Any CPU.ActiveCfg = Debug|Any CPU
		{EEF0F3DA-A4AA-49DB-9963-80B47543FFCB}.Debug|Any CPU.Build.0 = Debug|Any CPU
		{EEF0F3DA-A4AA-49DB-9963-80B47543FFCB}.Debug|x64.ActiveCfg = Debug|Any CPU
		{EEF0F3DA-A4AA-49DB-9963-80B47543FFCB}.Debug|x64.Build.0 = Debug|Any CPU
		{EEF0F3DA-A4AA-49DB-9963-80B47543FFCB}.Debug|x86.ActiveCfg = Debug|Any CPU
		{EEF0F3DA-A4AA-49DB-9963-80B47543FFCB}.Debug|x86.Build.0 = Debug|Any CPU
		{EEF0F3DA-A4AA-49DB-9963-80B47543FFCB}.Release|Any CPU.ActiveCfg = Release|Any CPU
		{EEF0F3DA-A4AA-49DB-9963-80B47543FFCB}.Release|Any CPU.Build.0 = Release|Any CPU
		{EEF0F3DA-A4AA-49DB-9963-80B47543FFCB}.Release|x64.ActiveCfg = Release|Any CPU
		{EEF0F3DA-A4AA-49DB-9963-80B47543FFCB}.Release|x64.Build.0 = Release|Any CPU
		{EEF0F3DA-A4AA-49DB-9963-80B47543FFCB}.Release|x86.ActiveCfg = Release|Any CPU
		{EEF0F3DA-A4AA-49DB-9963-80B47543FFCB}.Release|x86.Build.0 = Release|Any CPU
	EndGlobalSection
	GlobalSection(NestedProjects) = preSolution
		{EEF0F3DA-A4AA-49DB-9963-80B47543FFCB} = {85C8FAED-AD22-4CCC-B4D7-48B25AEB178D}
	EndGlobalSection
EndGlobal
