
Microsoft Visual Studio Solution File, Format Version 12.00
# Visual Studio 15
VisualStudioVersion = 15.0.26124.0
MinimumVisualStudioVersion = 15.0.26124.0
Project("{2150E333-8FDC-42A3-9474-1A3956D46DE8}") = "src", "src", "{5352D696-AD0F-4DEE-8138-819B48E151F0}"
EndProject
Project("{FAE04EC0-301F-11D3-BF4B-00C04F79EFBC}") = "Adriva.Extensions.Optimization.Abstractions", "src\Adriva.Extensions.Optimization.Abstractions\Adriva.Extensions.Optimization.Abstractions.csproj", "{B9865DD8-523B-4000-8A98-C0E25F0F33FA}"
EndProject
Project("{FAE04EC0-301F-11D3-BF4B-00C04F79EFBC}") = "test", "test\test.csproj", "{D3363D2B-174C-47E1-8CF8-AFC3F37A6301}"
EndProject
Project("{FAE04EC0-301F-11D3-BF4B-00C04F79EFBC}") = "Adriva.Extensions.Optimization.Web", "src\Adriva.Extensions.Optimization.Web\Adriva.Extensions.Optimization.Web.csproj", "{DA65A72F-C74C-4B4D-93E6-4D2CC5EFA3EF}"
EndProject
Project("{FAE04EC0-301F-11D3-BF4B-00C04F79EFBC}") = "Adriva.Extensions.Optimization.Transforms", "src\Adriva.Extensions.Optimization.Transforms\Adriva.Extensions.Optimization.Transforms.csproj", "{EFBA8CDD-F5A9-41B9-9D1B-042DF89EF665}"
EndProject
Global
	GlobalSection(SolutionConfigurationPlatforms) = preSolution
		Debug|Any CPU = Debug|Any CPU
		Debug|x64 = Debug|x64
		Debug|x86 = Debug|x86
		Release|Any CPU = Release|Any CPU
		Release|x64 = Release|x64
		Release|x86 = Release|x86
	EndGlobalSection
	GlobalSection(SolutionProperties) = preSolution
		HideSolutionNode = FALSE
	EndGlobalSection
	GlobalSection(ProjectConfigurationPlatforms) = postSolution
		{B9865DD8-523B-4000-8A98-C0E25F0F33FA}.Debug|Any CPU.ActiveCfg = Debug|Any CPU
		{B9865DD8-523B-4000-8A98-C0E25F0F33FA}.Debug|Any CPU.Build.0 = Debug|Any CPU
		{B9865DD8-523B-4000-8A98-C0E25F0F33FA}.Debug|x64.ActiveCfg = Debug|Any CPU
		{B9865DD8-523B-4000-8A98-C0E25F0F33FA}.Debug|x64.Build.0 = Debug|Any CPU
		{B9865DD8-523B-4000-8A98-C0E25F0F33FA}.Debug|x86.ActiveCfg = Debug|Any CPU
		{B9865DD8-523B-4000-8A98-C0E25F0F33FA}.Debug|x86.Build.0 = Debug|Any CPU
		{B9865DD8-523B-4000-8A98-C0E25F0F33FA}.Release|Any CPU.ActiveCfg = Release|Any CPU
		{B9865DD8-523B-4000-8A98-C0E25F0F33FA}.Release|Any CPU.Build.0 = Release|Any CPU
		{B9865DD8-523B-4000-8A98-C0E25F0F33FA}.Release|x64.ActiveCfg = Release|Any CPU
		{B9865DD8-523B-4000-8A98-C0E25F0F33FA}.Release|x64.Build.0 = Release|Any CPU
		{B9865DD8-523B-4000-8A98-C0E25F0F33FA}.Release|x86.ActiveCfg = Release|Any CPU
		{B9865DD8-523B-4000-8A98-C0E25F0F33FA}.Release|x86.Build.0 = Release|Any CPU
		{D3363D2B-174C-47E1-8CF8-AFC3F37A6301}.Debug|Any CPU.ActiveCfg = Debug|Any CPU
		{D3363D2B-174C-47E1-8CF8-AFC3F37A6301}.Debug|Any CPU.Build.0 = Debug|Any CPU
		{D3363D2B-174C-47E1-8CF8-AFC3F37A6301}.Debug|x64.ActiveCfg = Debug|Any CPU
		{D3363D2B-174C-47E1-8CF8-AFC3F37A6301}.Debug|x64.Build.0 = Debug|Any CPU
		{D3363D2B-174C-47E1-8CF8-AFC3F37A6301}.Debug|x86.ActiveCfg = Debug|Any CPU
		{D3363D2B-174C-47E1-8CF8-AFC3F37A6301}.Debug|x86.Build.0 = Debug|Any CPU
		{D3363D2B-174C-47E1-8CF8-AFC3F37A6301}.Release|Any CPU.ActiveCfg = Release|Any CPU
		{D3363D2B-174C-47E1-8CF8-AFC3F37A6301}.Release|Any CPU.Build.0 = Release|Any CPU
		{D3363D2B-174C-47E1-8CF8-AFC3F37A6301}.Release|x64.ActiveCfg = Release|Any CPU
		{D3363D2B-174C-47E1-8CF8-AFC3F37A6301}.Release|x64.Build.0 = Release|Any CPU
		{D3363D2B-174C-47E1-8CF8-AFC3F37A6301}.Release|x86.ActiveCfg = Release|Any CPU
		{D3363D2B-174C-47E1-8CF8-AFC3F37A6301}.Release|x86.Build.0 = Release|Any CPU
		{DA65A72F-C74C-4B4D-93E6-4D2CC5EFA3EF}.Debug|Any CPU.ActiveCfg = Debug|Any CPU
		{DA65A72F-C74C-4B4D-93E6-4D2CC5EFA3EF}.Debug|Any CPU.Build.0 = Debug|Any CPU
		{DA65A72F-C74C-4B4D-93E6-4D2CC5EFA3EF}.Debug|x64.ActiveCfg = Debug|Any CPU
		{DA65A72F-C74C-4B4D-93E6-4D2CC5EFA3EF}.Debug|x64.Build.0 = Debug|Any CPU
		{DA65A72F-C74C-4B4D-93E6-4D2CC5EFA3EF}.Debug|x86.ActiveCfg = Debug|Any CPU
		{DA65A72F-C74C-4B4D-93E6-4D2CC5EFA3EF}.Debug|x86.Build.0 = Debug|Any CPU
		{DA65A72F-C74C-4B4D-93E6-4D2CC5EFA3EF}.Release|Any CPU.ActiveCfg = Release|Any CPU
		{DA65A72F-C74C-4B4D-93E6-4D2CC5EFA3EF}.Release|Any CPU.Build.0 = Release|Any CPU
		{DA65A72F-C74C-4B4D-93E6-4D2CC5EFA3EF}.Release|x64.ActiveCfg = Release|Any CPU
		{DA65A72F-C74C-4B4D-93E6-4D2CC5EFA3EF}.Release|x64.Build.0 = Release|Any CPU
		{DA65A72F-C74C-4B4D-93E6-4D2CC5EFA3EF}.Release|x86.ActiveCfg = Release|Any CPU
		{DA65A72F-C74C-4B4D-93E6-4D2CC5EFA3EF}.Release|x86.Build.0 = Release|Any CPU
		{EFBA8CDD-F5A9-41B9-9D1B-042DF89EF665}.Debug|Any CPU.ActiveCfg = Debug|Any CPU
		{EFBA8CDD-F5A9-41B9-9D1B-042DF89EF665}.Debug|Any CPU.Build.0 = Debug|Any CPU
		{EFBA8CDD-F5A9-41B9-9D1B-042DF89EF665}.Debug|x64.ActiveCfg = Debug|Any CPU
		{EFBA8CDD-F5A9-41B9-9D1B-042DF89EF665}.Debug|x64.Build.0 = Debug|Any CPU
		{EFBA8CDD-F5A9-41B9-9D1B-042DF89EF665}.Debug|x86.ActiveCfg = Debug|Any CPU
		{EFBA8CDD-F5A9-41B9-9D1B-042DF89EF665}.Debug|x86.Build.0 = Debug|Any CPU
		{EFBA8CDD-F5A9-41B9-9D1B-042DF89EF665}.Release|Any CPU.ActiveCfg = Release|Any CPU
		{EFBA8CDD-F5A9-41B9-9D1B-042DF89EF665}.Release|Any CPU.Build.0 = Release|Any CPU
		{EFBA8CDD-F5A9-41B9-9D1B-042DF89EF665}.Release|x64.ActiveCfg = Release|Any CPU
		{EFBA8CDD-F5A9-41B9-9D1B-042DF89EF665}.Release|x64.Build.0 = Release|Any CPU
		{EFBA8CDD-F5A9-41B9-9D1B-042DF89EF665}.Release|x86.ActiveCfg = Release|Any CPU
		{EFBA8CDD-F5A9-41B9-9D1B-042DF89EF665}.Release|x86.Build.0 = Release|Any CPU
	EndGlobalSection
	GlobalSection(NestedProjects) = preSolution
		{B9865DD8-523B-4000-8A98-C0E25F0F33FA} = {5352D696-AD0F-4DEE-8138-819B48E151F0}
		{DA65A72F-C74C-4B4D-93E6-4D2CC5EFA3EF} = {5352D696-AD0F-4DEE-8138-819B48E151F0}
		{EFBA8CDD-F5A9-41B9-9D1B-042DF89EF665} = {5352D696-AD0F-4DEE-8138-819B48E151F0}
	EndGlobalSection
EndGlobal
